
Microsoft Visual Studio Solution File, Format Version 12.00
# Visual Studio Version 17
VisualStudioVersion = 17.11.35312.102
MinimumVisualStudioVersion = 10.0.40219.1
Project("{8BC9CEB8-8B4A-11D0-8D11-00A0C91BC942}") = "Task01", "Project1\Project1.vcxproj", "{79797608-932D-415B-BC7A-9E00DE0AA6C0}"
EndProject
Project("{8BC9CEB8-8B4A-11D0-8D11-00A0C91BC942}") = "Task02", "Project2\Project2.vcxproj", "{A45CA28F-4C8E-46D5-B3EB-1B98AA5A85CA}"
EndProject
Project("{8BC9CEB8-8B4A-11D0-8D11-00A0C91BC942}") = "Task03", "Project3\Project3.vcxproj", "{EA6B739E-5DB8-4C80-8B55-62CBB247D609}"
EndProject
Project("{8BC9CEB8-8B4A-11D0-8D11-00A0C91BC942}") = "Task04", "Project4\Project4.vcxproj", "{B4976928-E8A2-4367-8CCA-09244573316F}"
EndProject
Project("{8BC9CEB8-8B4A-11D0-8D11-00A0C91BC942}") = "Task05", "Project5\Project5.vcxproj", "{FB558A88-DBFB-4A5C-9875-41DCC03365FF}"
EndProject
Project("{8BC9CEB8-8B4A-11D0-8D11-00A0C91BC942}") = "Task06", "Project6\Project6.vcxproj", "{A14053DF-566D-473F-9F77-313868991039}"
EndProject
Project("{8BC9CEB8-8B4A-11D0-8D11-00A0C91BC942}") = "Task07", "Project7\Project7.vcxproj", "{4750D1F8-7A4D-4635-B1F7-454CB2DF27CF}"
EndProject
Project("{8BC9CEB8-8B4A-11D0-8D11-00A0C91BC942}") = "Task08", "Project8\Project8.vcxproj", "{632278AE-D7A4-44F5-BCA5-274E3A8CB7C5}"
EndProject
Project("{8BC9CEB8-8B4A-11D0-8D11-00A0C91BC942}") = "Task09", "Project9\Project9.vcxproj", "{FDA4BF95-B2E5-4593-B770-AEF881DDAA33}"
EndProject
Project("{8BC9CEB8-8B4A-11D0-8D11-00A0C91BC942}") = "Task10", "Project10\Project10.vcxproj", "{85E33D73-3EBB-43BA-BB2D-69F6AD4CE178}"
EndProject
Global
	GlobalSection(SolutionConfigurationPlatforms) = preSolution
		Debug|x64 = Debug|x64
		Debug|x86 = Debug|x86
		Release|x64 = Release|x64
		Release|x86 = Release|x86
	EndGlobalSection
	GlobalSection(ProjectConfigurationPlatforms) = postSolution
		{79797608-932D-415B-BC7A-9E00DE0AA6C0}.Debug|x64.ActiveCfg = Debug|x64
		{79797608-932D-415B-BC7A-9E00DE0AA6C0}.Debug|x64.Build.0 = Debug|x64
		{79797608-932D-415B-BC7A-9E00DE0AA6C0}.Debug|x86.ActiveCfg = Debug|Win32
		{79797608-932D-415B-BC7A-9E00DE0AA6C0}.Debug|x86.Build.0 = Debug|Win32
		{79797608-932D-415B-BC7A-9E00DE0AA6C0}.Release|x64.ActiveCfg = Release|x64
		{79797608-932D-415B-BC7A-9E00DE0AA6C0}.Release|x64.Build.0 = Release|x64
		{79797608-932D-415B-BC7A-9E00DE0AA6C0}.Release|x86.ActiveCfg = Release|Win32
		{79797608-932D-415B-BC7A-9E00DE0AA6C0}.Release|x86.Build.0 = Release|Win32
		{A45CA28F-4C8E-46D5-B3EB-1B98AA5A85CA}.Debug|x64.ActiveCfg = Debug|x64
		{A45CA28F-4C8E-46D5-B3EB-1B98AA5A85CA}.Debug|x64.Build.0 = Debug|x64
		{A45CA28F-4C8E-46D5-B3EB-1B98AA5A85CA}.Debug|x86.ActiveCfg = Debug|Win32
		{A45CA28F-4C8E-46D5-B3EB-1B98AA5A85CA}.Debug|x86.Build.0 = Debug|Win32
		{A45CA28F-4C8E-46D5-B3EB-1B98AA5A85CA}.Release|x64.ActiveCfg = Release|x64
		{A45CA28F-4C8E-46D5-B3EB-1B98AA5A85CA}.Release|x64.Build.0 = Release|x64
		{A45CA28F-4C8E-46D5-B3EB-1B98AA5A85CA}.Release|x86.ActiveCfg = Release|Win32
		{A45CA28F-4C8E-46D5-B3EB-1B98AA5A85CA}.Release|x86.Build.0 = Release|Win32
		{EA6B739E-5DB8-4C80-8B55-62CBB247D609}.Debug|x64.ActiveCfg = Debug|x64
		{EA6B739E-5DB8-4C80-8B55-62CBB247D609}.Debug|x64.Build.0 = Debug|x64
		{EA6B739E-5DB8-4C80-8B55-62CBB247D609}.Debug|x86.ActiveCfg = Debug|Win32
		{EA6B739E-5DB8-4C80-8B55-62CBB247D609}.Debug|x86.Build.0 = Debug|Win32
		{EA6B739E-5DB8-4C80-8B55-62CBB247D609}.Release|x64.ActiveCfg = Release|x64
		{EA6B739E-5DB8-4C80-8B55-62CBB247D609}.Release|x64.Build.0 = Release|x64
		{EA6B739E-5DB8-4C80-8B55-62CBB247D609}.Release|x86.ActiveCfg = Release|Win32
		{EA6B739E-5DB8-4C80-8B55-62CBB247D609}.Release|x86.Build.0 = Release|Win32
		{B4976928-E8A2-4367-8CCA-09244573316F}.Debug|x64.ActiveCfg = Debug|x64
		{B4976928-E8A2-4367-8CCA-09244573316F}.Debug|x64.Build.0 = Debug|x64
		{B4976928-E8A2-4367-8CCA-09244573316F}.Debug|x86.ActiveCfg = Debug|Win32
		{B4976928-E8A2-4367-8CCA-09244573316F}.Debug|x86.Build.0 = Debug|Win32
		{B4976928-E8A2-4367-8CCA-09244573316F}.Release|x64.ActiveCfg = Release|x64
		{B4976928-E8A2-4367-8CCA-09244573316F}.Release|x64.Build.0 = Release|x64
		{B4976928-E8A2-4367-8CCA-09244573316F}.Release|x86.ActiveCfg = Release|Win32
		{B4976928-E8A2-4367-8CCA-09244573316F}.Release|x86.Build.0 = Release|Win32
		{FB558A88-DBFB-4A5C-9875-41DCC03365FF}.Debug|x64.ActiveCfg = Debug|x64
		{FB558A88-DBFB-4A5C-9875-41DCC03365FF}.Debug|x64.Build.0 = Debug|x64
		{FB558A88-DBFB-4A5C-9875-41DCC03365FF}.Debug|x86.ActiveCfg = Debug|Win32
		{FB558A88-DBFB-4A5C-9875-41DCC03365FF}.Debug|x86.Build.0 = Debug|Win32
		{FB558A88-DBFB-4A5C-9875-41DCC03365FF}.Release|x64.ActiveCfg = Release|x64
		{FB558A88-DBFB-4A5C-9875-41DCC03365FF}.Release|x64.Build.0 = Release|x64
		{FB558A88-DBFB-4A5C-9875-41DCC03365FF}.Release|x86.ActiveCfg = Release|Win32
		{FB558A88-DBFB-4A5C-9875-41DCC03365FF}.Release|x86.Build.0 = Release|Win32
		{A14053DF-566D-473F-9F77-313868991039}.Debug|x64.ActiveCfg = Debug|x64
		{A14053DF-566D-473F-9F77-313868991039}.Debug|x64.Build.0 = Debug|x64
		{A14053DF-566D-473F-9F77-313868991039}.Debug|x86.ActiveCfg = Debug|Win32
		{A14053DF-566D-473F-9F77-313868991039}.Debug|x86.Build.0 = Debug|Win32
		{A14053DF-566D-473F-9F77-313868991039}.Release|x64.ActiveCfg = Release|x64
		{A14053DF-566D-473F-9F77-313868991039}.Release|x64.Build.0 = Release|x64
		{A14053DF-566D-473F-9F77-313868991039}.Release|x86.ActiveCfg = Release|Win32
		{A14053DF-566D-473F-9F77-313868991039}.Release|x86.Build.0 = Release|Win32
		{4750D1F8-7A4D-4635-B1F7-454CB2DF27CF}.Debug|x64.ActiveCfg = Debug|x64
		{4750D1F8-7A4D-4635-B1F7-454CB2DF27CF}.Debug|x64.Build.0 = Debug|x64
		{4750D1F8-7A4D-4635-B1F7-454CB2DF27CF}.Debug|x86.ActiveCfg = Debug|Win32
		{4750D1F8-7A4D-4635-B1F7-454CB2DF27CF}.Debug|x86.Build.0 = Debug|Win32
		{4750D1F8-7A4D-4635-B1F7-454CB2DF27CF}.Release|x64.ActiveCfg = Release|x64
		{4750D1F8-7A4D-4635-B1F7-454CB2DF27CF}.Release|x64.Build.0 = Release|x64
		{4750D1F8-7A4D-4635-B1F7-454CB2DF27CF}.Release|x86.ActiveCfg = Release|Win32
		{4750D1F8-7A4D-4635-B1F7-454CB2DF27CF}.Release|x86.Build.0 = Release|Win32
		{632278AE-D7A4-44F5-BCA5-274E3A8CB7C5}.Debug|x64.ActiveCfg = Debug|x64
		{632278AE-D7A4-44F5-BCA5-274E3A8CB7C5}.Debug|x64.Build.0 = Debug|x64
		{632278AE-D7A4-44F5-BCA5-274E3A8CB7C5}.Debug|x86.ActiveCfg = Debug|Win32
		{632278AE-D7A4-44F5-BCA5-274E3A8CB7C5}.Debug|x86.Build.0 = Debug|Win32
		{632278AE-D7A4-44F5-BCA5-274E3A8CB7C5}.Release|x64.ActiveCfg = Release|x64
		{632278AE-D7A4-44F5-BCA5-274E3A8CB7C5}.Release|x64.Build.0 = Release|x64
		{632278AE-D7A4-44F5-BCA5-274E3A8CB7C5}.Release|x86.ActiveCfg = Release|Win32
		{632278AE-D7A4-44F5-BCA5-274E3A8CB7C5}.Release|x86.Build.0 = Release|Win32
		{FDA4BF95-B2E5-4593-B770-AEF881DDAA33}.Debug|x64.ActiveCfg = Debug|x64
		{FDA4BF95-B2E5-4593-B770-AEF881DDAA33}.Debug|x64.Build.0 = Debug|x64
		{FDA4BF95-B2E5-4593-B770-AEF881DDAA33}.Debug|x86.ActiveCfg = Debug|Win32
		{FDA4BF95-B2E5-4593-B770-AEF881DDAA33}.Debug|x86.Build.0 = Debug|Win32
		{FDA4BF95-B2E5-4593-B770-AEF881DDAA33}.Release|x64.ActiveCfg = Release|x64
		{FDA4BF95-B2E5-4593-B770-AEF881DDAA33}.Release|x64.Build.0 = Release|x64
		{FDA4BF95-B2E5-4593-B770-AEF881DDAA33}.Release|x86.ActiveCfg = Release|Win32
		{FDA4BF95-B2E5-4593-B770-AEF881DDAA33}.Release|x86.Build.0 = Release|Win32
		{85E33D73-3EBB-43BA-BB2D-69F6AD4CE178}.Debug|x64.ActiveCfg = Debug|x64
		{85E33D73-3EBB-43BA-BB2D-69F6AD4CE178}.Debug|x64.Build.0 = Debug|x64
		{85E33D73-3EBB-43BA-BB2D-69F6AD4CE178}.Debug|x86.ActiveCfg = Debug|Win32
		{85E33D73-3EBB-43BA-BB2D-69F6AD4CE178}.Debug|x86.Build.0 = Debug|Win32
		{85E33D73-3EBB-43BA-BB2D-69F6AD4CE178}.Release|x64.ActiveCfg = Release|x64
		{85E33D73-3EBB-43BA-BB2D-69F6AD4CE178}.Release|x64.Build.0 = Release|x64
		{85E33D73-3EBB-43BA-BB2D-69F6AD4CE178}.Release|x86.ActiveCfg = Release|Win32
		{85E33D73-3EBB-43BA-BB2D-69F6AD4CE178}.Release|x86.Build.0 = Release|Win32
	EndGlobalSection
	GlobalSection(SolutionProperties) = preSolution
		HideSolutionNode = FALSE
	EndGlobalSection
	GlobalSection(ExtensibilityGlobals) = postSolution
		SolutionGuid = {2B46A2A0-1813-4F13-B69D-91E0B06915DB}
	EndGlobalSection
EndGlobal
