
Microsoft Visual Studio Solution File, Format Version 12.00
# Visual Studio Version 17
VisualStudioVersion = 17.11.35312.102
MinimumVisualStudioVersion = 10.0.40219.1
Project("{8BC9CEB8-8B4A-11D0-8D11-00A0C91BC942}") = "Task01", "2024.09.27-HW_2\2024.09.27-HW_2.vcxproj", "{AF6B4C85-9B2F-4D19-A651-E6EB13C884D5}"
EndProject
Project("{8BC9CEB8-8B4A-11D0-8D11-00A0C91BC942}") = "Task02", "Task02\Task02.vcxproj", "{7929306E-F4AC-490B-AD07-1A565D9C6C86}"
EndProject
Project("{8BC9CEB8-8B4A-11D0-8D11-00A0C91BC942}") = "Task03", "Task03\Task03.vcxproj", "{6879046D-A907-4A8C-8223-8899E1CA3FE3}"
EndProject
Project("{8BC9CEB8-8B4A-11D0-8D11-00A0C91BC942}") = "Task04", "Task04\Task04.vcxproj", "{6AC2A224-CB28-4FAB-AC66-8F28A02CC01E}"
EndProject
Project("{8BC9CEB8-8B4A-11D0-8D11-00A0C91BC942}") = "Task05", "Task05\Task05.vcxproj", "{4A149DD9-4EA1-49FE-A9BE-16DCAA22989F}"
EndProject
Project("{8BC9CEB8-8B4A-11D0-8D11-00A0C91BC942}") = "Task06", "Task06\Task06.vcxproj", "{41CF3338-DAE9-4177-883E-B2AFDB648EE2}"
EndProject
Project("{8BC9CEB8-8B4A-11D0-8D11-00A0C91BC942}") = "Task07", "Task07\Task07.vcxproj", "{EA6296BA-0B99-4336-A82F-B4E3F578BD9A}"
EndProject
Project("{8BC9CEB8-8B4A-11D0-8D11-00A0C91BC942}") = "Task08", "Task08\Task08.vcxproj", "{AE48CF87-173A-41BA-9358-1CB8682AE836}"
EndProject
Project("{8BC9CEB8-8B4A-11D0-8D11-00A0C91BC942}") = "Task09", "Task09\Task09.vcxproj", "{286C1255-0ACB-4336-8526-967DB3CD4254}"
EndProject
Project("{8BC9CEB8-8B4A-11D0-8D11-00A0C91BC942}") = "Task10", "Task10\Task10.vcxproj", "{E0C38661-C0EB-4B60-830F-36B147F4B177}"
EndProject
Global
	GlobalSection(SolutionConfigurationPlatforms) = preSolution
		Debug|x64 = Debug|x64
		Debug|x86 = Debug|x86
		Release|x64 = Release|x64
		Release|x86 = Release|x86
	EndGlobalSection
	GlobalSection(ProjectConfigurationPlatforms) = postSolution
		{AF6B4C85-9B2F-4D19-A651-E6EB13C884D5}.Debug|x64.ActiveCfg = Debug|x64
		{AF6B4C85-9B2F-4D19-A651-E6EB13C884D5}.Debug|x64.Build.0 = Debug|x64
		{AF6B4C85-9B2F-4D19-A651-E6EB13C884D5}.Debug|x86.ActiveCfg = Debug|Win32
		{AF6B4C85-9B2F-4D19-A651-E6EB13C884D5}.Debug|x86.Build.0 = Debug|Win32
		{AF6B4C85-9B2F-4D19-A651-E6EB13C884D5}.Release|x64.ActiveCfg = Release|x64
		{AF6B4C85-9B2F-4D19-A651-E6EB13C884D5}.Release|x64.Build.0 = Release|x64
		{AF6B4C85-9B2F-4D19-A651-E6EB13C884D5}.Release|x86.ActiveCfg = Release|Win32
		{AF6B4C85-9B2F-4D19-A651-E6EB13C884D5}.Release|x86.Build.0 = Release|Win32
		{7929306E-F4AC-490B-AD07-1A565D9C6C86}.Debug|x64.ActiveCfg = Debug|x64
		{7929306E-F4AC-490B-AD07-1A565D9C6C86}.Debug|x64.Build.0 = Debug|x64
		{7929306E-F4AC-490B-AD07-1A565D9C6C86}.Debug|x86.ActiveCfg = Debug|Win32
		{7929306E-F4AC-490B-AD07-1A565D9C6C86}.Debug|x86.Build.0 = Debug|Win32
		{7929306E-F4AC-490B-AD07-1A565D9C6C86}.Release|x64.ActiveCfg = Release|x64
		{7929306E-F4AC-490B-AD07-1A565D9C6C86}.Release|x64.Build.0 = Release|x64
		{7929306E-F4AC-490B-AD07-1A565D9C6C86}.Release|x86.ActiveCfg = Release|Win32
		{7929306E-F4AC-490B-AD07-1A565D9C6C86}.Release|x86.Build.0 = Release|Win32
		{6879046D-A907-4A8C-8223-8899E1CA3FE3}.Debug|x64.ActiveCfg = Debug|x64
		{6879046D-A907-4A8C-8223-8899E1CA3FE3}.Debug|x64.Build.0 = Debug|x64
		{6879046D-A907-4A8C-8223-8899E1CA3FE3}.Debug|x86.ActiveCfg = Debug|Win32
		{6879046D-A907-4A8C-8223-8899E1CA3FE3}.Debug|x86.Build.0 = Debug|Win32
		{6879046D-A907-4A8C-8223-8899E1CA3FE3}.Release|x64.ActiveCfg = Release|x64
		{6879046D-A907-4A8C-8223-8899E1CA3FE3}.Release|x64.Build.0 = Release|x64
		{6879046D-A907-4A8C-8223-8899E1CA3FE3}.Release|x86.ActiveCfg = Release|Win32
		{6879046D-A907-4A8C-8223-8899E1CA3FE3}.Release|x86.Build.0 = Release|Win32
		{6AC2A224-CB28-4FAB-AC66-8F28A02CC01E}.Debug|x64.ActiveCfg = Debug|x64
		{6AC2A224-CB28-4FAB-AC66-8F28A02CC01E}.Debug|x64.Build.0 = Debug|x64
		{6AC2A224-CB28-4FAB-AC66-8F28A02CC01E}.Debug|x86.ActiveCfg = Debug|Win32
		{6AC2A224-CB28-4FAB-AC66-8F28A02CC01E}.Debug|x86.Build.0 = Debug|Win32
		{6AC2A224-CB28-4FAB-AC66-8F28A02CC01E}.Release|x64.ActiveCfg = Release|x64
		{6AC2A224-CB28-4FAB-AC66-8F28A02CC01E}.Release|x64.Build.0 = Release|x64
		{6AC2A224-CB28-4FAB-AC66-8F28A02CC01E}.Release|x86.ActiveCfg = Release|Win32
		{6AC2A224-CB28-4FAB-AC66-8F28A02CC01E}.Release|x86.Build.0 = Release|Win32
		{4A149DD9-4EA1-49FE-A9BE-16DCAA22989F}.Debug|x64.ActiveCfg = Debug|x64
		{4A149DD9-4EA1-49FE-A9BE-16DCAA22989F}.Debug|x64.Build.0 = Debug|x64
		{4A149DD9-4EA1-49FE-A9BE-16DCAA22989F}.Debug|x86.ActiveCfg = Debug|Win32
		{4A149DD9-4EA1-49FE-A9BE-16DCAA22989F}.Debug|x86.Build.0 = Debug|Win32
		{4A149DD9-4EA1-49FE-A9BE-16DCAA22989F}.Release|x64.ActiveCfg = Release|x64
		{4A149DD9-4EA1-49FE-A9BE-16DCAA22989F}.Release|x64.Build.0 = Release|x64
		{4A149DD9-4EA1-49FE-A9BE-16DCAA22989F}.Release|x86.ActiveCfg = Release|Win32
		{4A149DD9-4EA1-49FE-A9BE-16DCAA22989F}.Release|x86.Build.0 = Release|Win32
		{41CF3338-DAE9-4177-883E-B2AFDB648EE2}.Debug|x64.ActiveCfg = Debug|x64
		{41CF3338-DAE9-4177-883E-B2AFDB648EE2}.Debug|x64.Build.0 = Debug|x64
		{41CF3338-DAE9-4177-883E-B2AFDB648EE2}.Debug|x86.ActiveCfg = Debug|Win32
		{41CF3338-DAE9-4177-883E-B2AFDB648EE2}.Debug|x86.Build.0 = Debug|Win32
		{41CF3338-DAE9-4177-883E-B2AFDB648EE2}.Release|x64.ActiveCfg = Release|x64
		{41CF3338-DAE9-4177-883E-B2AFDB648EE2}.Release|x64.Build.0 = Release|x64
		{41CF3338-DAE9-4177-883E-B2AFDB648EE2}.Release|x86.ActiveCfg = Release|Win32
		{41CF3338-DAE9-4177-883E-B2AFDB648EE2}.Release|x86.Build.0 = Release|Win32
		{EA6296BA-0B99-4336-A82F-B4E3F578BD9A}.Debug|x64.ActiveCfg = Debug|x64
		{EA6296BA-0B99-4336-A82F-B4E3F578BD9A}.Debug|x64.Build.0 = Debug|x64
		{EA6296BA-0B99-4336-A82F-B4E3F578BD9A}.Debug|x86.ActiveCfg = Debug|Win32
		{EA6296BA-0B99-4336-A82F-B4E3F578BD9A}.Debug|x86.Build.0 = Debug|Win32
		{EA6296BA-0B99-4336-A82F-B4E3F578BD9A}.Release|x64.ActiveCfg = Release|x64
		{EA6296BA-0B99-4336-A82F-B4E3F578BD9A}.Release|x64.Build.0 = Release|x64
		{EA6296BA-0B99-4336-A82F-B4E3F578BD9A}.Release|x86.ActiveCfg = Release|Win32
		{EA6296BA-0B99-4336-A82F-B4E3F578BD9A}.Release|x86.Build.0 = Release|Win32
		{AE48CF87-173A-41BA-9358-1CB8682AE836}.Debug|x64.ActiveCfg = Debug|x64
		{AE48CF87-173A-41BA-9358-1CB8682AE836}.Debug|x64.Build.0 = Debug|x64
		{AE48CF87-173A-41BA-9358-1CB8682AE836}.Debug|x86.ActiveCfg = Debug|Win32
		{AE48CF87-173A-41BA-9358-1CB8682AE836}.Debug|x86.Build.0 = Debug|Win32
		{AE48CF87-173A-41BA-9358-1CB8682AE836}.Release|x64.ActiveCfg = Release|x64
		{AE48CF87-173A-41BA-9358-1CB8682AE836}.Release|x64.Build.0 = Release|x64
		{AE48CF87-173A-41BA-9358-1CB8682AE836}.Release|x86.ActiveCfg = Release|Win32
		{AE48CF87-173A-41BA-9358-1CB8682AE836}.Release|x86.Build.0 = Release|Win32
		{286C1255-0ACB-4336-8526-967DB3CD4254}.Debug|x64.ActiveCfg = Debug|x64
		{286C1255-0ACB-4336-8526-967DB3CD4254}.Debug|x64.Build.0 = Debug|x64
		{286C1255-0ACB-4336-8526-967DB3CD4254}.Debug|x86.ActiveCfg = Debug|Win32
		{286C1255-0ACB-4336-8526-967DB3CD4254}.Debug|x86.Build.0 = Debug|Win32
		{286C1255-0ACB-4336-8526-967DB3CD4254}.Release|x64.ActiveCfg = Release|x64
		{286C1255-0ACB-4336-8526-967DB3CD4254}.Release|x64.Build.0 = Release|x64
		{286C1255-0ACB-4336-8526-967DB3CD4254}.Release|x86.ActiveCfg = Release|Win32
		{286C1255-0ACB-4336-8526-967DB3CD4254}.Release|x86.Build.0 = Release|Win32
		{E0C38661-C0EB-4B60-830F-36B147F4B177}.Debug|x64.ActiveCfg = Debug|x64
		{E0C38661-C0EB-4B60-830F-36B147F4B177}.Debug|x64.Build.0 = Debug|x64
		{E0C38661-C0EB-4B60-830F-36B147F4B177}.Debug|x86.ActiveCfg = Debug|Win32
		{E0C38661-C0EB-4B60-830F-36B147F4B177}.Debug|x86.Build.0 = Debug|Win32
		{E0C38661-C0EB-4B60-830F-36B147F4B177}.Release|x64.ActiveCfg = Release|x64
		{E0C38661-C0EB-4B60-830F-36B147F4B177}.Release|x64.Build.0 = Release|x64
		{E0C38661-C0EB-4B60-830F-36B147F4B177}.Release|x86.ActiveCfg = Release|Win32
		{E0C38661-C0EB-4B60-830F-36B147F4B177}.Release|x86.Build.0 = Release|Win32
	EndGlobalSection
	GlobalSection(SolutionProperties) = preSolution
		HideSolutionNode = FALSE
	EndGlobalSection
	GlobalSection(ExtensibilityGlobals) = postSolution
		SolutionGuid = {36C92CF1-1ADD-48D6-BE3F-D9C92CF3359F}
	EndGlobalSection
EndGlobal
