
Microsoft Visual Studio Solution File, Format Version 12.00
# Visual Studio Version 17
VisualStudioVersion = 17.11.35312.102
MinimumVisualStudioVersion = 10.0.40219.1
Project("{8BC9CEB8-8B4A-11D0-8D11-00A0C91BC942}") = "Task01", "Task01\Task01.vcxproj", "{C53C0BBA-1997-413D-B5D7-EC2132A38A6A}"
EndProject
Project("{8BC9CEB8-8B4A-11D0-8D11-00A0C91BC942}") = "Task02", "Task02\Task02.vcxproj", "{E8943F5A-841C-4657-ADC6-171B0917528D}"
EndProject
Project("{8BC9CEB8-8B4A-11D0-8D11-00A0C91BC942}") = "Task03", "Task03\Task03.vcxproj", "{54F3DED0-8F0C-48CE-827F-AEE3C0A6F974}"
EndProject
Project("{8BC9CEB8-8B4A-11D0-8D11-00A0C91BC942}") = "Task04", "Task04\Task04.vcxproj", "{AE8623C1-BD87-4FBF-8F1B-489F970C5974}"
EndProject
Project("{8BC9CEB8-8B4A-11D0-8D11-00A0C91BC942}") = "Task05", "Task05\Task05.vcxproj", "{95A442C6-F074-463C-B9A8-8645DC5CF6F0}"
EndProject
Project("{8BC9CEB8-8B4A-11D0-8D11-00A0C91BC942}") = "Task06", "Task06\Task06.vcxproj", "{B95C7BE0-CC61-41E3-B288-C90AAEF15152}"
EndProject
Project("{8BC9CEB8-8B4A-11D0-8D11-00A0C91BC942}") = "Task07", "Task07\Task07.vcxproj", "{6AF1CF7B-F9B4-4CB1-8554-6478B4895A3E}"
EndProject
Project("{8BC9CEB8-8B4A-11D0-8D11-00A0C91BC942}") = "Task08", "Task08\Task08.vcxproj", "{09998BAF-D330-4BEE-8BEF-AFCD14100851}"
EndProject
Project("{8BC9CEB8-8B4A-11D0-8D11-00A0C91BC942}") = "Task09", "Task09\Task09.vcxproj", "{92551EDB-0745-45C8-90EC-0A24611702AC}"
EndProject
Project("{8BC9CEB8-8B4A-11D0-8D11-00A0C91BC942}") = "Task10", "Task10\Task10.vcxproj", "{9F3808B1-D38F-4350-8871-63A8329FE73E}"
EndProject
Global
	GlobalSection(SolutionConfigurationPlatforms) = preSolution
		Debug|x64 = Debug|x64
		Debug|x86 = Debug|x86
		Release|x64 = Release|x64
		Release|x86 = Release|x86
	EndGlobalSection
	GlobalSection(ProjectConfigurationPlatforms) = postSolution
		{C53C0BBA-1997-413D-B5D7-EC2132A38A6A}.Debug|x64.ActiveCfg = Debug|x64
		{C53C0BBA-1997-413D-B5D7-EC2132A38A6A}.Debug|x64.Build.0 = Debug|x64
		{C53C0BBA-1997-413D-B5D7-EC2132A38A6A}.Debug|x86.ActiveCfg = Debug|Win32
		{C53C0BBA-1997-413D-B5D7-EC2132A38A6A}.Debug|x86.Build.0 = Debug|Win32
		{C53C0BBA-1997-413D-B5D7-EC2132A38A6A}.Release|x64.ActiveCfg = Release|x64
		{C53C0BBA-1997-413D-B5D7-EC2132A38A6A}.Release|x64.Build.0 = Release|x64
		{C53C0BBA-1997-413D-B5D7-EC2132A38A6A}.Release|x86.ActiveCfg = Release|Win32
		{C53C0BBA-1997-413D-B5D7-EC2132A38A6A}.Release|x86.Build.0 = Release|Win32
		{E8943F5A-841C-4657-ADC6-171B0917528D}.Debug|x64.ActiveCfg = Debug|x64
		{E8943F5A-841C-4657-ADC6-171B0917528D}.Debug|x64.Build.0 = Debug|x64
		{E8943F5A-841C-4657-ADC6-171B0917528D}.Debug|x86.ActiveCfg = Debug|Win32
		{E8943F5A-841C-4657-ADC6-171B0917528D}.Debug|x86.Build.0 = Debug|Win32
		{E8943F5A-841C-4657-ADC6-171B0917528D}.Release|x64.ActiveCfg = Release|x64
		{E8943F5A-841C-4657-ADC6-171B0917528D}.Release|x64.Build.0 = Release|x64
		{E8943F5A-841C-4657-ADC6-171B0917528D}.Release|x86.ActiveCfg = Release|Win32
		{E8943F5A-841C-4657-ADC6-171B0917528D}.Release|x86.Build.0 = Release|Win32
		{54F3DED0-8F0C-48CE-827F-AEE3C0A6F974}.Debug|x64.ActiveCfg = Debug|x64
		{54F3DED0-8F0C-48CE-827F-AEE3C0A6F974}.Debug|x64.Build.0 = Debug|x64
		{54F3DED0-8F0C-48CE-827F-AEE3C0A6F974}.Debug|x86.ActiveCfg = Debug|Win32
		{54F3DED0-8F0C-48CE-827F-AEE3C0A6F974}.Debug|x86.Build.0 = Debug|Win32
		{54F3DED0-8F0C-48CE-827F-AEE3C0A6F974}.Release|x64.ActiveCfg = Release|x64
		{54F3DED0-8F0C-48CE-827F-AEE3C0A6F974}.Release|x64.Build.0 = Release|x64
		{54F3DED0-8F0C-48CE-827F-AEE3C0A6F974}.Release|x86.ActiveCfg = Release|Win32
		{54F3DED0-8F0C-48CE-827F-AEE3C0A6F974}.Release|x86.Build.0 = Release|Win32
		{AE8623C1-BD87-4FBF-8F1B-489F970C5974}.Debug|x64.ActiveCfg = Debug|x64
		{AE8623C1-BD87-4FBF-8F1B-489F970C5974}.Debug|x64.Build.0 = Debug|x64
		{AE8623C1-BD87-4FBF-8F1B-489F970C5974}.Debug|x86.ActiveCfg = Debug|Win32
		{AE8623C1-BD87-4FBF-8F1B-489F970C5974}.Debug|x86.Build.0 = Debug|Win32
		{AE8623C1-BD87-4FBF-8F1B-489F970C5974}.Release|x64.ActiveCfg = Release|x64
		{AE8623C1-BD87-4FBF-8F1B-489F970C5974}.Release|x64.Build.0 = Release|x64
		{AE8623C1-BD87-4FBF-8F1B-489F970C5974}.Release|x86.ActiveCfg = Release|Win32
		{AE8623C1-BD87-4FBF-8F1B-489F970C5974}.Release|x86.Build.0 = Release|Win32
		{95A442C6-F074-463C-B9A8-8645DC5CF6F0}.Debug|x64.ActiveCfg = Debug|x64
		{95A442C6-F074-463C-B9A8-8645DC5CF6F0}.Debug|x64.Build.0 = Debug|x64
		{95A442C6-F074-463C-B9A8-8645DC5CF6F0}.Debug|x86.ActiveCfg = Debug|Win32
		{95A442C6-F074-463C-B9A8-8645DC5CF6F0}.Debug|x86.Build.0 = Debug|Win32
		{95A442C6-F074-463C-B9A8-8645DC5CF6F0}.Release|x64.ActiveCfg = Release|x64
		{95A442C6-F074-463C-B9A8-8645DC5CF6F0}.Release|x64.Build.0 = Release|x64
		{95A442C6-F074-463C-B9A8-8645DC5CF6F0}.Release|x86.ActiveCfg = Release|Win32
		{95A442C6-F074-463C-B9A8-8645DC5CF6F0}.Release|x86.Build.0 = Release|Win32
		{B95C7BE0-CC61-41E3-B288-C90AAEF15152}.Debug|x64.ActiveCfg = Debug|x64
		{B95C7BE0-CC61-41E3-B288-C90AAEF15152}.Debug|x64.Build.0 = Debug|x64
		{B95C7BE0-CC61-41E3-B288-C90AAEF15152}.Debug|x86.ActiveCfg = Debug|Win32
		{B95C7BE0-CC61-41E3-B288-C90AAEF15152}.Debug|x86.Build.0 = Debug|Win32
		{B95C7BE0-CC61-41E3-B288-C90AAEF15152}.Release|x64.ActiveCfg = Release|x64
		{B95C7BE0-CC61-41E3-B288-C90AAEF15152}.Release|x64.Build.0 = Release|x64
		{B95C7BE0-CC61-41E3-B288-C90AAEF15152}.Release|x86.ActiveCfg = Release|Win32
		{B95C7BE0-CC61-41E3-B288-C90AAEF15152}.Release|x86.Build.0 = Release|Win32
		{6AF1CF7B-F9B4-4CB1-8554-6478B4895A3E}.Debug|x64.ActiveCfg = Debug|x64
		{6AF1CF7B-F9B4-4CB1-8554-6478B4895A3E}.Debug|x64.Build.0 = Debug|x64
		{6AF1CF7B-F9B4-4CB1-8554-6478B4895A3E}.Debug|x86.ActiveCfg = Debug|Win32
		{6AF1CF7B-F9B4-4CB1-8554-6478B4895A3E}.Debug|x86.Build.0 = Debug|Win32
		{6AF1CF7B-F9B4-4CB1-8554-6478B4895A3E}.Release|x64.ActiveCfg = Release|x64
		{6AF1CF7B-F9B4-4CB1-8554-6478B4895A3E}.Release|x64.Build.0 = Release|x64
		{6AF1CF7B-F9B4-4CB1-8554-6478B4895A3E}.Release|x86.ActiveCfg = Release|Win32
		{6AF1CF7B-F9B4-4CB1-8554-6478B4895A3E}.Release|x86.Build.0 = Release|Win32
		{09998BAF-D330-4BEE-8BEF-AFCD14100851}.Debug|x64.ActiveCfg = Debug|x64
		{09998BAF-D330-4BEE-8BEF-AFCD14100851}.Debug|x64.Build.0 = Debug|x64
		{09998BAF-D330-4BEE-8BEF-AFCD14100851}.Debug|x86.ActiveCfg = Debug|Win32
		{09998BAF-D330-4BEE-8BEF-AFCD14100851}.Debug|x86.Build.0 = Debug|Win32
		{09998BAF-D330-4BEE-8BEF-AFCD14100851}.Release|x64.ActiveCfg = Release|x64
		{09998BAF-D330-4BEE-8BEF-AFCD14100851}.Release|x64.Build.0 = Release|x64
		{09998BAF-D330-4BEE-8BEF-AFCD14100851}.Release|x86.ActiveCfg = Release|Win32
		{09998BAF-D330-4BEE-8BEF-AFCD14100851}.Release|x86.Build.0 = Release|Win32
		{92551EDB-0745-45C8-90EC-0A24611702AC}.Debug|x64.ActiveCfg = Debug|x64
		{92551EDB-0745-45C8-90EC-0A24611702AC}.Debug|x64.Build.0 = Debug|x64
		{92551EDB-0745-45C8-90EC-0A24611702AC}.Debug|x86.ActiveCfg = Debug|Win32
		{92551EDB-0745-45C8-90EC-0A24611702AC}.Debug|x86.Build.0 = Debug|Win32
		{92551EDB-0745-45C8-90EC-0A24611702AC}.Release|x64.ActiveCfg = Release|x64
		{92551EDB-0745-45C8-90EC-0A24611702AC}.Release|x64.Build.0 = Release|x64
		{92551EDB-0745-45C8-90EC-0A24611702AC}.Release|x86.ActiveCfg = Release|Win32
		{92551EDB-0745-45C8-90EC-0A24611702AC}.Release|x86.Build.0 = Release|Win32
		{9F3808B1-D38F-4350-8871-63A8329FE73E}.Debug|x64.ActiveCfg = Debug|x64
		{9F3808B1-D38F-4350-8871-63A8329FE73E}.Debug|x64.Build.0 = Debug|x64
		{9F3808B1-D38F-4350-8871-63A8329FE73E}.Debug|x86.ActiveCfg = Debug|Win32
		{9F3808B1-D38F-4350-8871-63A8329FE73E}.Debug|x86.Build.0 = Debug|Win32
		{9F3808B1-D38F-4350-8871-63A8329FE73E}.Release|x64.ActiveCfg = Release|x64
		{9F3808B1-D38F-4350-8871-63A8329FE73E}.Release|x64.Build.0 = Release|x64
		{9F3808B1-D38F-4350-8871-63A8329FE73E}.Release|x86.ActiveCfg = Release|Win32
		{9F3808B1-D38F-4350-8871-63A8329FE73E}.Release|x86.Build.0 = Release|Win32
	EndGlobalSection
	GlobalSection(SolutionProperties) = preSolution
		HideSolutionNode = FALSE
	EndGlobalSection
	GlobalSection(ExtensibilityGlobals) = postSolution
		SolutionGuid = {096EFEFA-C47F-4E90-9D8C-7EE1F4F6A25B}
	EndGlobalSection
EndGlobal
